// !$*UTF8*$!
{
	archiveVersion = 1;
	classes = {
	};
	objectVersion = 46;
	objects = {

/* Begin PBXBuildFile section */
		BF4835E31E6D489B00EE18AB /* HFileBrowser.h in Headers */ = {isa = PBXBuildFile; fileRef = BF4835E11E6D489B00EE18AB /* HFileBrowser.h */; settings = {ATTRIBUTES = (Public, ); }; };
		BF4835F31E6D491300EE18AB /* AlbumView.swift in Sources */ = {isa = PBXBuildFile; fileRef = BF4835EB1E6D491300EE18AB /* AlbumView.swift */; };
		BF4835F41E6D491300EE18AB /* FileHelper.swift in Sources */ = {isa = PBXBuildFile; fileRef = BF4835EC1E6D491300EE18AB /* FileHelper.swift */; };
		BF4835F51E6D491300EE18AB /* FileListCell.swift in Sources */ = {isa = PBXBuildFile; fileRef = BF4835ED1E6D491300EE18AB /* FileListCell.swift */; };
		BF4835F61E6D491300EE18AB /* HFileBrowser.swift in Sources */ = {isa = PBXBuildFile; fileRef = BF4835EE1E6D491300EE18AB /* HFileBrowser.swift */; };
		BF4835F71E6D491300EE18AB /* ImagePreviewController.swift in Sources */ = {isa = PBXBuildFile; fileRef = BF4835EF1E6D491300EE18AB /* ImagePreviewController.swift */; };
		BF4835F81E6D491300EE18AB /* TextPreviewController.swift in Sources */ = {isa = PBXBuildFile; fileRef = BF4835F01E6D491300EE18AB /* TextPreviewController.swift */; };
		BF4835F91E6D491300EE18AB /* UnsupportPreviewController.swift in Sources */ = {isa = PBXBuildFile; fileRef = BF4835F11E6D491300EE18AB /* UnsupportPreviewController.swift */; };
		BF4835FC1E6D496400EE18AB /* FileIcon.xcassets in Resources */ = {isa = PBXBuildFile; fileRef = BF4835FB1E6D496400EE18AB /* FileIcon.xcassets */; };
		BF4835FE1E6D549E00EE18AB /* HFileBrowserAssets.swift in Sources */ = {isa = PBXBuildFile; fileRef = BF4835FD1E6D549E00EE18AB /* HFileBrowserAssets.swift */; };
/* End PBXBuildFile section */

/* Begin PBXFileReference section */
		BF4835DE1E6D489B00EE18AB /* HFileBrowser.framework */ = {isa = PBXFileReference; explicitFileType = wrapper.framework; includeInIndex = 0; path = HFileBrowser.framework; sourceTree = BUILT_PRODUCTS_DIR; };
		BF4835E11E6D489B00EE18AB /* HFileBrowser.h */ = {isa = PBXFileReference; lastKnownFileType = sourcecode.c.h; path = HFileBrowser.h; sourceTree = "<group>"; };
		BF4835E21E6D489B00EE18AB /* Info.plist */ = {isa = PBXFileReference; lastKnownFileType = text.plist.xml; path = Info.plist; sourceTree = "<group>"; };
		BF4835EB1E6D491300EE18AB /* AlbumView.swift */ = {isa = PBXFileReference; fileEncoding = 4; lastKnownFileType = sourcecode.swift; path = AlbumView.swift; sourceTree = "<group>"; };
		BF4835EC1E6D491300EE18AB /* FileHelper.swift */ = {isa = PBXFileReference; fileEncoding = 4; lastKnownFileType = sourcecode.swift; path = FileHelper.swift; sourceTree = "<group>"; };
		BF4835ED1E6D491300EE18AB /* FileListCell.swift */ = {isa = PBXFileReference; fileEncoding = 4; lastKnownFileType = sourcecode.swift; path = FileListCell.swift; sourceTree = "<group>"; };
		BF4835EE1E6D491300EE18AB /* HFileBrowser.swift */ = {isa = PBXFileReference; fileEncoding = 4; lastKnownFileType = sourcecode.swift; path = HFileBrowser.swift; sourceTree = "<group>"; };
		BF4835EF1E6D491300EE18AB /* ImagePreviewController.swift */ = {isa = PBXFileReference; fileEncoding = 4; lastKnownFileType = sourcecode.swift; path = ImagePreviewController.swift; sourceTree = "<group>"; };
		BF4835F01E6D491300EE18AB /* TextPreviewController.swift */ = {isa = PBXFileReference; fileEncoding = 4; lastKnownFileType = sourcecode.swift; path = TextPreviewController.swift; sourceTree = "<group>"; };
		BF4835F11E6D491300EE18AB /* UnsupportPreviewController.swift */ = {isa = PBXFileReference; fileEncoding = 4; lastKnownFileType = sourcecode.swift; path = UnsupportPreviewController.swift; sourceTree = "<group>"; };
		BF4835FB1E6D496400EE18AB /* FileIcon.xcassets */ = {isa = PBXFileReference; lastKnownFileType = folder.assetcatalog; path = FileIcon.xcassets; sourceTree = "<group>"; };
		BF4835FD1E6D549E00EE18AB /* HFileBrowserAssets.swift */ = {isa = PBXFileReference; fileEncoding = 4; lastKnownFileType = sourcecode.swift; path = HFileBrowserAssets.swift; sourceTree = "<group>"; };
/* End PBXFileReference section */

/* Begin PBXFrameworksBuildPhase section */
		BF4835DA1E6D489B00EE18AB /* Frameworks */ = {
			isa = PBXFrameworksBuildPhase;
			buildActionMask = 2147483647;
			files = (
			);
			runOnlyForDeploymentPostprocessing = 0;
		};
/* End PBXFrameworksBuildPhase section */

/* Begin PBXGroup section */
		BF4835D41E6D489B00EE18AB = {
			isa = PBXGroup;
			children = (
				BF4835E01E6D489B00EE18AB /* HFileBrowser */,
				BF4835DF1E6D489B00EE18AB /* Products */,
			);
			sourceTree = "<group>";
		};
		BF4835DF1E6D489B00EE18AB /* Products */ = {
			isa = PBXGroup;
			children = (
				BF4835DE1E6D489B00EE18AB /* HFileBrowser.framework */,
			);
			name = Products;
			sourceTree = "<group>";
		};
		BF4835E01E6D489B00EE18AB /* HFileBrowser */ = {
			isa = PBXGroup;
			children = (
				BF4835FB1E6D496400EE18AB /* FileIcon.xcassets */,
				BF4835EB1E6D491300EE18AB /* AlbumView.swift */,
				BF4835EC1E6D491300EE18AB /* FileHelper.swift */,
				BF4835ED1E6D491300EE18AB /* FileListCell.swift */,
				BF4835EE1E6D491300EE18AB /* HFileBrowser.swift */,
				BF4835EF1E6D491300EE18AB /* ImagePreviewController.swift */,
				BF4835F01E6D491300EE18AB /* TextPreviewController.swift */,
				BF4835F11E6D491300EE18AB /* UnsupportPreviewController.swift */,
				BF4835E11E6D489B00EE18AB /* HFileBrowser.h */,
				BF4835E21E6D489B00EE18AB /* Info.plist */,
				BF4835FD1E6D549E00EE18AB /* HFileBrowserAssets.swift */,
			);
			path = HFileBrowser;
			sourceTree = "<group>";
		};
/* End PBXGroup section */

/* Begin PBXHeadersBuildPhase section */
		BF4835DB1E6D489B00EE18AB /* Headers */ = {
			isa = PBXHeadersBuildPhase;
			buildActionMask = 2147483647;
			files = (
				BF4835E31E6D489B00EE18AB /* HFileBrowser.h in Headers */,
			);
			runOnlyForDeploymentPostprocessing = 0;
		};
/* End PBXHeadersBuildPhase section */

/* Begin PBXNativeTarget section */
		BF4835DD1E6D489B00EE18AB /* HFileBrowser */ = {
			isa = PBXNativeTarget;
			buildConfigurationList = BF4835E61E6D489B00EE18AB /* Build configuration list for PBXNativeTarget "HFileBrowser" */;
			buildPhases = (
				BF4835D91E6D489B00EE18AB /* Sources */,
				BF4835DA1E6D489B00EE18AB /* Frameworks */,
				BF4835DB1E6D489B00EE18AB /* Headers */,
				BF4835DC1E6D489B00EE18AB /* Resources */,
			);
			buildRules = (
			);
			dependencies = (
			);
			name = HFileBrowser;
			productName = HFileBrowser;
			productReference = BF4835DE1E6D489B00EE18AB /* HFileBrowser.framework */;
			productType = "com.apple.product-type.framework";
		};
/* End PBXNativeTarget section */

/* Begin PBXProject section */
		BF4835D51E6D489B00EE18AB /* Project object */ = {
			isa = PBXProject;
			attributes = {
				LastUpgradeCheck = 0820;
				ORGANIZATIONNAME = hurry.qin;
				TargetAttributes = {
					BF4835DD1E6D489B00EE18AB = {
						CreatedOnToolsVersion = 8.2.1;
						LastSwiftMigration = 0820;
						ProvisioningStyle = Automatic;
					};
				};
			};
			buildConfigurationList = BF4835D81E6D489B00EE18AB /* Build configuration list for PBXProject "HFileBrowser" */;
			compatibilityVersion = "Xcode 3.2";
			developmentRegion = English;
			hasScannedForEncodings = 0;
			knownRegions = (
				en,
			);
			mainGroup = BF4835D41E6D489B00EE18AB;
			productRefGroup = BF4835DF1E6D489B00EE18AB /* Products */;
			projectDirPath = "";
			projectRoot = "";
			targets = (
				BF4835DD1E6D489B00EE18AB /* HFileBrowser */,
			);
		};
/* End PBXProject section */

/* Begin PBXResourcesBuildPhase section */
		BF4835DC1E6D489B00EE18AB /* Resources */ = {
			isa = PBXResourcesBuildPhase;
			buildActionMask = 2147483647;
			files = (
				BF4835FC1E6D496400EE18AB /* FileIcon.xcassets in Resources */,
			);
			runOnlyForDeploymentPostprocessing = 0;
		};
/* End PBXResourcesBuildPhase section */

/* Begin PBXSourcesBuildPhase section */
		BF4835D91E6D489B00EE18AB /* Sources */ = {
			isa = PBXSourcesBuildPhase;
			buildActionMask = 2147483647;
			files = (
				BF4835F71E6D491300EE18AB /* ImagePreviewController.swift in Sources */,
				BF4835F81E6D491300EE18AB /* TextPreviewController.swift in Sources */,
				BF4835FE1E6D549E00EE18AB /* HFileBrowserAssets.swift in Sources */,
				BF4835F31E6D491300EE18AB /* AlbumView.swift in Sources */,
				BF4835F61E6D491300EE18AB /* HFileBrowser.swift in Sources */,
				BF4835F91E6D491300EE18AB /* UnsupportPreviewController.swift in Sources */,
				BF4835F51E6D491300EE18AB /* FileListCell.swift in Sources */,
				BF4835F41E6D491300EE18AB /* FileHelper.swift in Sources */,
			);
			runOnlyForDeploymentPostprocessing = 0;
		};
/* End PBXSourcesBuildPhase section */

/* Begin XCBuildConfiguration section */
		BF4835E41E6D489B00EE18AB /* Debug */ = {
			isa = XCBuildConfiguration;
			buildSettings = {
				ALWAYS_SEARCH_USER_PATHS = NO;
				CLANG_ANALYZER_NONNULL = YES;
				CLANG_CXX_LANGUAGE_STANDARD = "gnu++0x";
				CLANG_CXX_LIBRARY = "libc++";
				CLANG_ENABLE_MODULES = YES;
				CLANG_ENABLE_OBJC_ARC = YES;
				CLANG_WARN_BOOL_CONVERSION = YES;
				CLANG_WARN_CONSTANT_CONVERSION = YES;
				CLANG_WARN_DIRECT_OBJC_ISA_USAGE = YES_ERROR;
				CLANG_WARN_DOCUMENTATION_COMMENTS = YES;
				CLANG_WARN_EMPTY_BODY = YES;
				CLANG_WARN_ENUM_CONVERSION = YES;
				CLANG_WARN_INFINITE_RECURSION = YES;
				CLANG_WARN_INT_CONVERSION = YES;
				CLANG_WARN_OBJC_ROOT_CLASS = YES_ERROR;
				CLANG_WARN_SUSPICIOUS_MOVE = YES;
				CLANG_WARN_UNREACHABLE_CODE = YES;
				CLANG_WARN__DUPLICATE_METHOD_MATCH = YES;
				"CODE_SIGN_IDENTITY[sdk=iphoneos*]" = "iPhone Developer";
				COPY_PHASE_STRIP = NO;
				CURRENT_PROJECT_VERSION = 1;
				DEBUG_INFORMATION_FORMAT = dwarf;
				ENABLE_STRICT_OBJC_MSGSEND = YES;
				ENABLE_TESTABILITY = YES;
				GCC_C_LANGUAGE_STANDARD = gnu99;
				GCC_DYNAMIC_NO_PIC = NO;
				GCC_NO_COMMON_BLOCKS = YES;
				GCC_OPTIMIZATION_LEVEL = 0;
				GCC_PREPROCESSOR_DEFINITIONS = (
					"DEBUG=1",
					"$(inherited)",
				);
				GCC_WARN_64_TO_32_BIT_CONVERSION = YES;
				GCC_WARN_ABOUT_RETURN_TYPE = YES_ERROR;
				GCC_WARN_UNDECLARED_SELECTOR = YES;
				GCC_WARN_UNINITIALIZED_AUTOS = YES_AGGRESSIVE;
				GCC_WARN_UNUSED_FUNCTION = YES;
				GCC_WARN_UNUSED_VARIABLE = YES;
				IPHONEOS_DEPLOYMENT_TARGET = 10.2;
				MTL_ENABLE_DEBUG_INFO = YES;
				ONLY_ACTIVE_ARCH = YES;
				SDKROOT = iphoneos;
				SWIFT_ACTIVE_COMPILATION_CONDITIONS = DEBUG;
				SWIFT_OPTIMIZATION_LEVEL = "-Onone";
				TARGETED_DEVICE_FAMILY = "1,2";
				VERSIONING_SYSTEM = "apple-generic";
				VERSION_INFO_PREFIX = "";
			};
			name = Debug;
		};
		BF4835E51E6D489B00EE18AB /* Release */ = {
			isa = XCBuildConfiguration;
			buildSettings = {
				ALWAYS_SEARCH_USER_PATHS = NO;
				CLANG_ANALYZER_NONNULL = YES;
				CLANG_CXX_LANGUAGE_STANDARD = "gnu++0x";
				CLANG_CXX_LIBRARY = "libc++";
				CLANG_ENABLE_MODULES = YES;
				CLANG_ENABLE_OBJC_ARC = YES;
				CLANG_WARN_BOOL_CONVERSION = YES;
				CLANG_WARN_CONSTANT_CONVERSION = YES;
				CLANG_WARN_DIRECT_OBJC_ISA_USAGE = YES_ERROR;
				CLANG_WARN_DOCUMENTATION_COMMENTS = YES;
				CLANG_WARN_EMPTY_BODY = YES;
				CLANG_WARN_ENUM_CONVERSION = YES;
				CLANG_WARN_INFINITE_RECURSION = YES;
				CLANG_WARN_INT_CONVERSION = YES;
				CLANG_WARN_OBJC_ROOT_CLASS = YES_ERROR;
				CLANG_WARN_SUSPICIOUS_MOVE = YES;
				CLANG_WARN_UNREACHABLE_CODE = YES;
				CLANG_WARN__DUPLICATE_METHOD_MATCH = YES;
				"CODE_SIGN_IDENTITY[sdk=iphoneos*]" = "iPhone Developer";
				COPY_PHASE_STRIP = NO;
				CURRENT_PROJECT_VERSION = 1;
				DEBUG_INFORMATION_FORMAT = "dwarf-with-dsym";
				ENABLE_NS_ASSERTIONS = NO;
				ENABLE_STRICT_OBJC_MSGSEND = YES;
				GCC_C_LANGUAGE_STANDARD = gnu99;
				GCC_NO_COMMON_BLOCKS = YES;
				GCC_WARN_64_TO_32_BIT_CONVERSION = YES;
				GCC_WARN_ABOUT_RETURN_TYPE = YES_ERROR;
				GCC_WARN_UNDECLARED_SELECTOR = YES;
				GCC_WARN_UNINITIALIZED_AUTOS = YES_AGGRESSIVE;
				GCC_WARN_UNUSED_FUNCTION = YES;
				GCC_WARN_UNUSED_VARIABLE = YES;
				IPHONEOS_DEPLOYMENT_TARGET = 10.2;
				MTL_ENABLE_DEBUG_INFO = NO;
				SDKROOT = iphoneos;
				SWIFT_OPTIMIZATION_LEVEL = "-Owholemodule";
				TARGETED_DEVICE_FAMILY = "1,2";
				VALIDATE_PRODUCT = YES;
				VERSIONING_SYSTEM = "apple-generic";
				VERSION_INFO_PREFIX = "";
			};
			name = Release;
		};
		BF4835E71E6D489B00EE18AB /* Debug */ = {
			isa = XCBuildConfiguration;
			buildSettings = {
				CLANG_ENABLE_MODULES = YES;
				CODE_SIGN_IDENTITY = "";
				DEFINES_MODULE = YES;
				DYLIB_COMPATIBILITY_VERSION = 1;
				DYLIB_CURRENT_VERSION = 1;
				DYLIB_INSTALL_NAME_BASE = "@rpath";
				INFOPLIST_FILE = HFileBrowser/Info.plist;
				INSTALL_PATH = "$(LOCAL_LIBRARY_DIR)/Frameworks";
				LD_RUNPATH_SEARCH_PATHS = "$(inherited) @executable_path/Frameworks @loader_path/Frameworks";
				PRODUCT_BUNDLE_IDENTIFIER = "hurry.qin-dji.com.HFileBrowser";
				PRODUCT_NAME = "$(TARGET_NAME)";
				SKIP_INSTALL = YES;
				SWIFT_OPTIMIZATION_LEVEL = "-Onone";
				SWIFT_VERSION = 2.3;
			};
			name = Debug;
		};
		BF4835E81E6D489B00EE18AB /* Release */ = {
			isa = XCBuildConfiguration;
			buildSettings = {
				CLANG_ENABLE_MODULES = YES;
				CODE_SIGN_IDENTITY = "";
				DEFINES_MODULE = YES;
				DYLIB_COMPATIBILITY_VERSION = 1;
				DYLIB_CURRENT_VERSION = 1;
				DYLIB_INSTALL_NAME_BASE = "@rpath";
				INFOPLIST_FILE = HFileBrowser/Info.plist;
				INSTALL_PATH = "$(LOCAL_LIBRARY_DIR)/Frameworks";
				LD_RUNPATH_SEARCH_PATHS = "$(inherited) @executable_path/Frameworks @loader_path/Frameworks";
				PRODUCT_BUNDLE_IDENTIFIER = "hurry.qin-dji.com.HFileBrowser";
				PRODUCT_NAME = "$(TARGET_NAME)";
				SKIP_INSTALL = YES;
				SWIFT_VERSION = 2.3;
			};
			name = Release;
		};
/* End XCBuildConfiguration section */

/* Begin XCConfigurationList section */
		BF4835D81E6D489B00EE18AB /* Build configuration list for PBXProject "HFileBrowser" */ = {
			isa = XCConfigurationList;
			buildConfigurations = (
				BF4835E41E6D489B00EE18AB /* Debug */,
				BF4835E51E6D489B00EE18AB /* Release */,
			);
			defaultConfigurationIsVisible = 0;
			defaultConfigurationName = Release;
		};
		BF4835E61E6D489B00EE18AB /* Build configuration list for PBXNativeTarget "HFileBrowser" */ = {
			isa = XCConfigurationList;
			buildConfigurations = (
				BF4835E71E6D489B00EE18AB /* Debug */,
				BF4835E81E6D489B00EE18AB /* Release */,
			);
			defaultConfigurationIsVisible = 0;
			defaultConfigurationName = Release;
		};
/* End XCConfigurationList section */
	};
	rootObject = BF4835D51E6D489B00EE18AB /* Project object */;
}
